{
  "name": "@devctrl/lib-communicator",
  "version": "4.1.4",
  "lockfileVersion": 1,
  "requires": true,
  "dependencies": {
    "@devctrl/common": {
      "version": "6.0.0",
      "resolved": "https://registry.npmjs.org/@devctrl/common/-/common-6.0.0.tgz",
      "integrity": "sha512-X1UTQGBFVv3aF6PaRNed/U+lYCbFaSYU870Xgufp52NfPeZc9XST8qBsUgE76HgtKTKsl9bdVIRy75mZ/oGZkw=="
    },
    "@types/node": {
      "version": "8.0.52",
      "resolved": "https://registry.npmjs.org/@types/node/-/node-8.0.52.tgz",
      "integrity": "sha1-jn9HdHho52h/LNSSKWbi1q940i0="
    },
    "sprintf-js": {
      "version": "1.1.1",
      "resolved": "https://registry.npmjs.org/sprintf-js/-/sprintf-js-1.1.1.tgz",
      "integrity": "sha1-Nr54Mgr+WAH2zqPueLblqrlA6gw="
    }
  }
}
